{
  "name": "@wiris/mathtype-ckeditor4",
  "version": "7.16.1",
  "lockfileVersion": 2,
  "requires": true,
  "packages": {
    "": {
      "name": "@wiris/mathtype-ckeditor4",
      "version": "7.16.1",
      "license": "GPL-3.0",
      "dependencies": {
        "@wiris/mathtype-ckeditor4": "file:"
      }
    },
    "node_modules/@wiris/mathtype-ckeditor4": {
      "resolved": "",
      "link": true
    }
  },
  "dependencies": {
    "@wiris/mathtype-ckeditor4": {
      "version": "file:",
      "requires": {
        "@wiris/mathtype-ckeditor4": "file:"
      }
    }
  }
}
